github.com/adityatelange/hugo-PaperMod v0.0.0-20250105143455-9f1f414be805 h1:gi6q4K4XngQJj1oCHJvIT9huDaW1PDcSvVR8/amBxLE=
github.com/adityatelange/hugo-PaperMod v0.0.0-20250105143455-9f1f414be805/go.mod h1:HCHxNMKYdGafUYjVV3ICiAqznZK2yH0iI53jqcDFDdQ=
github.com/lxndrblz/anatole v1.16.2 h1:aJePrXjyrmefaDJlUA8OQfimIFqAm02wp5TZ68+L42c=
github.com/lxndrblz/anatole v1.16.2/go.mod h1:hy61SRyUDKaWw2P+cERt9UPde5guWyVKgtjdzRF5bfI=
